lockfileVersion: '9.0'

settings:
  autoInstallPeers: true
  excludeLinksFromLockfile: false

importers:

  .:
    dependencies:
      cloudinary:
        specifier: ^2.10.0
        version: 2.10.0

packages:

  cloudinary@2.10.0:
    resolution: {integrity: sha512-sY09kYg7wprkndAOjZBAYqFZqwL+SxnEGcAvksOvFA+5upnFn949UjkEkHKNSwkBtW/xRDd0p6NgbSXZcxkI3w==}
    engines: {node: '>=9'}

  lodash@4.18.1:
    resolution: {integrity: sha512-dMInicTPVE8d1e5otfwmmjlxkZoUpiVLwyeTdUsi/Caj/gfzzblBcCE5sRHV/AsjuCmxWrte2TNGSYuCeCq+0Q==}

snapshots:

  cloudinary@2.10.0:
    dependencies:
      lodash: 4.18.1

  lodash@4.18.1: {}
